
Microsoft Visual Studio Solution File, Format Version 12.00
# Visual Studio Version 17
VisualStudioVersion = 17.14.36301.6
MinimumVisualStudioVersion = 10.0.40219.1
Project("{FAE04EC0-301F-11D3-BF4B-00C04F79EFBC}") = "Assignment_Advanced_03", "Assignment_Advanced_03\Assignment_Advanced_03.csproj", "{32302A9C-8EFE-4153-BB49-A5BA9706F4B6}"
EndProject
Global
	GlobalSection(SolutionConfigurationPlatforms) = preSolution
		Debug|Any CPU = Debug|Any CPU
		Release|Any CPU = Release|Any CPU
	EndGlobalSection
	GlobalSection(ProjectConfigurationPlatforms) = postSolution
		{32302A9C-8EFE-4153-BB49-A5BA9706F4B6}.Debug|Any CPU.ActiveCfg = Debug|Any CPU
		{32302A9C-8EFE-4153-BB49-A5BA9706F4B6}.Debug|Any CPU.Build.0 = Debug|Any CPU
		{32302A9C-8EFE-4153-BB49-A5BA9706F4B6}.Release|Any CPU.ActiveCfg = Release|Any CPU
		{32302A9C-8EFE-4153-BB49-A5BA9706F4B6}.Release|Any CPU.Build.0 = Release|Any CPU
	EndGlobalSection
	GlobalSection(SolutionProperties) = preSolution
		HideSolutionNode = FALSE
	EndGlobalSection
	GlobalSection(ExtensibilityGlobals) = postSolution
		SolutionGuid = {BAA4E6F4-F812-4A9E-87AC-41FCFDEB917E}
	EndGlobalSection
EndGlobal
